// !$*UTF8*$!
{
	archiveVersion = 1;
	classes = {
	};
	objectVersion = 50;
	objects = {

/* Begin PBXBuildFile section */
		9C1E00F721358AF200C1EA4C /* LoginViewController.swift in Sources */ = {isa = PBXBuildFile; fileRef = 9C1E00F621358AF200C1EA4C /* LoginViewController.swift */; };
		9C1E00F921358B0500C1EA4C /* RegisterViewController.swift in Sources */ = {isa = PBXBuildFile; fileRef = 9C1E00F821358B0500C1EA4C /* RegisterViewController.swift */; };
		9C1E00FC21358B5100C1EA4C /* HomeScreenViewController.swift in Sources */ = {isa = PBXBuildFile; fileRef = 9C1E00FB21358B5100C1EA4C /* HomeScreenViewController.swift */; };
		9C1E00FF21358BD700C1EA4C /* ViewProfileController.swift in Sources */ = {isa = PBXBuildFile; fileRef = 9C1E00FE21358BD700C1EA4C /* ViewProfileController.swift */; };
		9C1E01032135D01900C1EA4C /* ServerManager.swift in Sources */ = {isa = PBXBuildFile; fileRef = 9C1E01022135D01900C1EA4C /* ServerManager.swift */; };
		9C1E01052135D2FB00C1EA4C /* Alamofire.framework in Frameworks */ = {isa = PBXBuildFile; fileRef = 9C1E01042135D2FB00C1EA4C /* Alamofire.framework */; };
		9C1E01072135D42C00C1EA4C /* Reachability.swift in Sources */ = {isa = PBXBuildFile; fileRef = 9C1E01062135D42C00C1EA4C /* Reachability.swift */; };
		9C21AB152134B8EA00772847 /* CustomlaunchscreenController.swift in Sources */ = {isa = PBXBuildFile; fileRef = 9C21AB142134B8EA00772847 /* CustomlaunchscreenController.swift */; };
		9CA65158213460810052FD76 /* AppDelegate.swift in Sources */ = {isa = PBXBuildFile; fileRef = 9CA65157213460810052FD76 /* AppDelegate.swift */; };
		9CA6515D213460810052FD76 /* Main.storyboard in Resources */ = {isa = PBXBuildFile; fileRef = 9CA6515B213460810052FD76 /* Main.storyboard */; };
		9CA65160213460810052FD76 /* MAD_Assignment1.xcdatamodeld in Sources */ = {isa = PBXBuildFile; fileRef = 9CA6515E213460810052FD76 /* MAD_Assignment1.xcdatamodeld */; };
		9CA65162213460810052FD76 /* Assets.xcassets in Resources */ = {isa = PBXBuildFile; fileRef = 9CA65161213460810052FD76 /* Assets.xcassets */; };
		9CA65165213460810052FD76 /* LaunchScreen.storyboard in Resources */ = {isa = PBXBuildFile; fileRef = 9CA65163213460810052FD76 /* LaunchScreen.storyboard */; };
		9CA65170213460820052FD76 /* MAD_Assignment1Tests.swift in Sources */ = {isa = PBXBuildFile; fileRef = 9CA6516F213460820052FD76 /* MAD_Assignment1Tests.swift */; };
		9CA6517B213460820052FD76 /* MAD_Assignment1UITests.swift in Sources */ = {isa = PBXBuildFile; fileRef = 9CA6517A213460820052FD76 /* MAD_Assignment1UITests.swift */; };
		AE0A4938D11DD6B6078A973C /* Pods_MAD_Assignment1.framework in Frameworks */ = {isa = PBXBuildFile; fileRef = 895F25D58AEC67D29949637A /* Pods_MAD_Assignment1.framework */; };
		B81047C0C035C109395F70EC /* Pods_MAD_Assignment1UITests.framework in Frameworks */ = {isa = PBXBuildFile; fileRef = 24D07E399D51A007FE65EA47 /* Pods_MAD_Assignment1UITests.framework */; };
		F7601236C69A534F6D983D64 /* Pods_MAD_Assignment1Tests.framework in Frameworks */ = {isa = PBXBuildFile; fileRef = 07059BF1E4424213C9691A41 /* Pods_MAD_Assignment1Tests.framework */; };
/* End PBXBuildFile section */

/* Begin PBXContainerItemProxy section */
		9CA6516C213460820052FD76 /* PBXContainerItemProxy */ = {
			isa = PBXContainerItemProxy;
			containerPortal = 9CA6514C213460810052FD76 /* Project object */;
			proxyType = 1;
			remoteGlobalIDString = 9CA65153213460810052FD76;
			remoteInfo = MAD_Assignment1;
		};
		9CA65177213460820052FD76 /* PBXContainerItemProxy */ = {
			isa = PBXContainerItemProxy;
			containerPortal = 9CA6514C213460810052FD76 /* Project object */;
			proxyType = 1;
			remoteGlobalIDString = 9CA65153213460810052FD76;
			remoteInfo = MAD_Assignment1;
		};
/* End PBXContainerItemProxy section */

/* Begin PBXFileReference section */
		07059BF1E4424213C9691A41 /* Pods_MAD_Assignment1Tests.framework */ = {isa = PBXFileReference; explicitFileType = wrapper.framework; includeInIndex = 0; path = Pods_MAD_Assignment1Tests.framework; sourceTree = BUILT_PRODUCTS_DIR; };
		24D07E399D51A007FE65EA47 /* Pods_MAD_Assignment1UITests.framework */ = {isa = PBXFileReference; explicitFileType = wrapper.framework; includeInIndex = 0; path = Pods_MAD_Assignment1UITests.framework; sourceTree = BUILT_PRODUCTS_DIR; };
		3E9F5630A91F258E2AFD3161 /* Pods-MAD_Assignment1.debug.xcconfig */ = {isa = PBXFileReference; includeInIndex = 1; lastKnownFileType = text.xcconfig; name = "Pods-MAD_Assignment1.debug.xcconfig"; path = "Pods/Target Support Files/Pods-MAD_Assignment1/Pods-MAD_Assignment1.debug.xcconfig"; sourceTree = "<group>"; };
		895F25D58AEC67D29949637A /* Pods_MAD_Assignment1.framework */ = {isa = PBXFileReference; explicitFileType = wrapper.framework; includeInIndex = 0; path = Pods_MAD_Assignment1.framework; sourceTree = BUILT_PRODUCTS_DIR; };
		8F5B05EDE00F50F9ED189E6C /* Pods-MAD_Assignment1UITests.debug.xcconfig */ = {isa = PBXFileReference; includeInIndex = 1; lastKnownFileType = text.xcconfig; name = "Pods-MAD_Assignment1UITests.debug.xcconfig"; path = "Pods/Target Support Files/Pods-MAD_Assignment1UITests/Pods-MAD_Assignment1UITests.debug.xcconfig"; sourceTree = "<group>"; };
		9B2DF5BC38C9EAF0DF1B4084 /* Pods-MAD_Assignment1Tests.debug.xcconfig */ = {isa = PBXFileReference; includeInIndex = 1; lastKnownFileType = text.xcconfig; name = "Pods-MAD_Assignment1Tests.debug.xcconfig"; path = "Pods/Target Support Files/Pods-MAD_Assignment1Tests/Pods-MAD_Assignment1Tests.debug.xcconfig"; sourceTree = "<group>"; };
		9B735DA52498FBCDE113D47F /* Pods-MAD_Assignment1.release.xcconfig */ = {isa = PBXFileReference; includeInIndex = 1; lastKnownFileType = text.xcconfig; name = "Pods-MAD_Assignment1.release.xcconfig"; path = "Pods/Target Support Files/Pods-MAD_Assignment1/Pods-MAD_Assignment1.release.xcconfig"; sourceTree = "<group>"; };
		9C1E00F621358AF200C1EA4C /* LoginViewController.swift */ = {isa = PBXFileReference; lastKnownFileType = sourcecode.swift; path = LoginViewController.swift; sourceTree = "<group>"; };
		9C1E00F821358B0500C1EA4C /* RegisterViewController.swift */ = {isa = PBXFileReference; lastKnownFileType = sourcecode.swift; path = RegisterViewController.swift; sourceTree = "<group>"; };
		9C1E00FB21358B5100C1EA4C /* HomeScreenViewController.swift */ = {isa = PBXFileReference; lastKnownFileType = sourcecode.swift; path = HomeScreenViewController.swift; sourceTree = "<group>"; };
		9C1E00FE21358BD700C1EA4C /* ViewProfileController.swift */ = {isa = PBXFileReference; lastKnownFileType = sourcecode.swift; path = ViewProfileController.swift; sourceTree = "<group>"; };
		9C1E01022135D01900C1EA4C /* ServerManager.swift */ = {isa = PBXFileReference; lastKnownFileType = sourcecode.swift; path = ServerManager.swift; sourceTree = "<group>"; };
		9C1E01042135D2FB00C1EA4C /* Alamofire.framework */ = {isa = PBXFileReference; explicitFileType = wrapper.framework; path = Alamofire.framework; sourceTree = BUILT_PRODUCTS_DIR; };
		9C1E01062135D42C00C1EA4C /* Reachability.swift */ = {isa = PBXFileReference; lastKnownFileType = sourcecode.swift; path = Reachability.swift; sourceTree = "<group>"; };
		9C21AB142134B8EA00772847 /* CustomlaunchscreenController.swift */ = {isa = PBXFileReference; lastKnownFileType = sourcecode.swift; path = CustomlaunchscreenController.swift; sourceTree = "<group>"; };
		9CA65154213460810052FD76 /* MAD_Assignment1.app */ = {isa = PBXFileReference; explicitFileType = wrapper.application; includeInIndex = 0; path = MAD_Assignment1.app; sourceTree = BUILT_PRODUCTS_DIR; };
		9CA65157213460810052FD76 /* AppDelegate.swift */ = {isa = PBXFileReference; lastKnownFileType = sourcecode.swift; path = AppDelegate.swift; sourceTree = "<group>"; };
		9CA6515C213460810052FD76 /* Base */ = {isa = PBXFileReference; lastKnownFileType = file.storyboard; name = Base; path = Base.lproj/Main.storyboard; sourceTree = "<group>"; };
		9CA6515F213460810052FD76 /* MAD_Assignment1.xcdatamodel */ = {isa = PBXFileReference; lastKnownFileType = wrapper.xcdatamodel; path = MAD_Assignment1.xcdatamodel; sourceTree = "<group>"; };
		9CA65161213460810052FD76 /* Assets.xcassets */ = {isa = PBXFileReference; lastKnownFileType = folder.assetcatalog; path = Assets.xcassets; sourceTree = "<group>"; };
		9CA65164213460810052FD76 /* Base */ = {isa = PBXFileReference; lastKnownFileType = file.storyboard; name = Base; path = Base.lproj/LaunchScreen.storyboard; sourceTree = "<group>"; };
		9CA65166213460810052FD76 /* Info.plist */ = {isa = PBXFileReference; lastKnownFileType = text.plist.xml; path = Info.plist; sourceTree = "<group>"; };
		9CA6516B213460820052FD76 /* MAD_Assignment1Tests.xctest */ = {isa = PBXFileReference; explicitFileType = wrapper.cfbundle; includeInIndex = 0; path = MAD_Assignment1Tests.xctest; sourceTree = BUILT_PRODUCTS_DIR; };
		9CA6516F213460820052FD76 /* MAD_Assignment1Tests.swift */ = {isa = PBXFileReference; lastKnownFileType = sourcecode.swift; path = MAD_Assignment1Tests.swift; sourceTree = "<group>"; };
		9CA65171213460820052FD76 /* Info.plist */ = {isa = PBXFileReference; lastKnownFileType = text.plist.xml; path = Info.plist; sourceTree = "<group>"; };
		9CA65176213460820052FD76 /* MAD_Assignment1UITests.xctest */ = {isa = PBXFileReference; explicitFileType = wrapper.cfbundle; includeInIndex = 0; path = MAD_Assignment1UITests.xctest; sourceTree = BUILT_PRODUCTS_DIR; };
		9CA6517A213460820052FD76 /* MAD_Assignment1UITests.swift */ = {isa = PBXFileReference; lastKnownFileType = sourcecode.swift; path = MAD_Assignment1UITests.swift; sourceTree = "<group>"; };
		9CA6517C213460820052FD76 /* Info.plist */ = {isa = PBXFileReference; lastKnownFileType = text.plist.xml; path = Info.plist; sourceTree = "<group>"; };
		BFC0E11346F60BCF34236550 /* Pods-MAD_Assignment1UITests.release.xcconfig */ = {isa = PBXFileReference; includeInIndex = 1; lastKnownFileType = text.xcconfig; name = "Pods-MAD_Assignment1UITests.release.xcconfig"; path = "Pods/Target Support Files/Pods-MAD_Assignment1UITests/Pods-MAD_Assignment1UITests.release.xcconfig"; sourceTree = "<group>"; };
		DC052DC51BE39AECBBE2FA23 /* Pods-MAD_Assignment1Tests.release.xcconfig */ = {isa = PBXFileReference; includeInIndex = 1; lastKnownFileType = text.xcconfig; name = "Pods-MAD_Assignment1Tests.release.xcconfig"; path = "Pods/Target Support Files/Pods-MAD_Assignment1Tests/Pods-MAD_Assignment1Tests.release.xcconfig"; sourceTree = "<group>"; };
/* End PBXFileReference section */

/* Begin PBXFrameworksBuildPhase section */
		9CA65151213460810052FD76 /* Frameworks */ = {
			isa = PBXFrameworksBuildPhase;
			buildActionMask = 2147483647;
			files = (
				9C1E01052135D2FB00C1EA4C /* Alamofire.framework in Frameworks */,
				AE0A4938D11DD6B6078A973C /* Pods_MAD_Assignment1.framework in Frameworks */,
			);
			runOnlyForDeploymentPostprocessing = 0;
		};
		9CA65168213460820052FD76 /* Frameworks */ = {
			isa = PBXFrameworksBuildPhase;
			buildActionMask = 2147483647;
			files = (
				F7601236C69A534F6D983D64 /* Pods_MAD_Assignment1Tests.framework in Frameworks */,
			);
			runOnlyForDeploymentPostprocessing = 0;
		};
		9CA65173213460820052FD76 /* Frameworks */ = {
			isa = PBXFrameworksBuildPhase;
			buildActionMask = 2147483647;
			files = (
				B81047C0C035C109395F70EC /* Pods_MAD_Assignment1UITests.framework in Frameworks */,
			);
			runOnlyForDeploymentPostprocessing = 0;
		};
/* End PBXFrameworksBuildPhase section */

/* Begin PBXGroup section */
		1D2812722D7AC6CC6AE695C0 /* Pods */ = {
			isa = PBXGroup;
			children = (
				3E9F5630A91F258E2AFD3161 /* Pods-MAD_Assignment1.debug.xcconfig */,
				9B735DA52498FBCDE113D47F /* Pods-MAD_Assignment1.release.xcconfig */,
				9B2DF5BC38C9EAF0DF1B4084 /* Pods-MAD_Assignment1Tests.debug.xcconfig */,
				DC052DC51BE39AECBBE2FA23 /* Pods-MAD_Assignment1Tests.release.xcconfig */,
				8F5B05EDE00F50F9ED189E6C /* Pods-MAD_Assignment1UITests.debug.xcconfig */,
				BFC0E11346F60BCF34236550 /* Pods-MAD_Assignment1UITests.release.xcconfig */,
			);
			name = Pods;
			sourceTree = "<group>";
		};
		82B46024292A013F364D0498 /* Frameworks */ = {
			isa = PBXGroup;
			children = (
				9C1E01042135D2FB00C1EA4C /* Alamofire.framework */,
				895F25D58AEC67D29949637A /* Pods_MAD_Assignment1.framework */,
				07059BF1E4424213C9691A41 /* Pods_MAD_Assignment1Tests.framework */,
				24D07E399D51A007FE65EA47 /* Pods_MAD_Assignment1UITests.framework */,
			);
			name = Frameworks;
			sourceTree = "<group>";
		};
		9C1E00F521358AD200C1EA4C /* LoginViewController */ = {
			isa = PBXGroup;
			children = (
				9C1E00F621358AF200C1EA4C /* LoginViewController.swift */,
				9C1E00F821358B0500C1EA4C /* RegisterViewController.swift */,
			);
			path = LoginViewController;
			sourceTree = "<group>";
		};
		9C1E00FA21358B0D00C1EA4C /* HomeScreen */ = {
			isa = PBXGroup;
			children = (
				9C1E00FB21358B5100C1EA4C /* HomeScreenViewController.swift */,
			);
			path = HomeScreen;
			sourceTree = "<group>";
		};
		9C1E00FD21358BB300C1EA4C /* ViewProfile */ = {
			isa = PBXGroup;
			children = (
				9C1E00FE21358BD700C1EA4C /* ViewProfileController.swift */,
			);
			path = ViewProfile;
			sourceTree = "<group>";
		};
		9C21AB132134B8CD00772847 /* CustomLaunchScreen */ = {
			isa = PBXGroup;
			children = (
				9C21AB142134B8EA00772847 /* CustomlaunchscreenController.swift */,
			);
			path = CustomLaunchScreen;
			sourceTree = "<group>";
		};
		9CA6514B213460810052FD76 = {
			isa = PBXGroup;
			children = (
				9CA65156213460810052FD76 /* MAD_Assignment1 */,
				9CA6516E213460820052FD76 /* MAD_Assignment1Tests */,
				9CA65179213460820052FD76 /* MAD_Assignment1UITests */,
				9CA65155213460810052FD76 /* Products */,
				1D2812722D7AC6CC6AE695C0 /* Pods */,
				82B46024292A013F364D0498 /* Frameworks */,
			);
			sourceTree = "<group>";
		};
		9CA65155213460810052FD76 /* Products */ = {
			isa = PBXGroup;
			children = (
				9CA65154213460810052FD76 /* MAD_Assignment1.app */,
				9CA6516B213460820052FD76 /* MAD_Assignment1Tests.xctest */,
				9CA65176213460820052FD76 /* MAD_Assignment1UITests.xctest */,
			);
			name = Products;
			sourceTree = "<group>";
		};
		9CA65156213460810052FD76 /* MAD_Assignment1 */ = {
			isa = PBXGroup;
			children = (
				9C1E00FD21358BB300C1EA4C /* ViewProfile */,
				9C1E00FA21358B0D00C1EA4C /* HomeScreen */,
				9C1E00F521358AD200C1EA4C /* LoginViewController */,
				9C21AB132134B8CD00772847 /* CustomLaunchScreen */,
				9CA65157213460810052FD76 /* AppDelegate.swift */,
				9CA6515B213460810052FD76 /* Main.storyboard */,
				9CA65161213460810052FD76 /* Assets.xcassets */,
				9CA65163213460810052FD76 /* LaunchScreen.storyboard */,
				9CA65166213460810052FD76 /* Info.plist */,
				9CA6515E213460810052FD76 /* MAD_Assignment1.xcdatamodeld */,
				9C1E01022135D01900C1EA4C /* ServerManager.swift */,
				9C1E01062135D42C00C1EA4C /* Reachability.swift */,
			);
			path = MAD_Assignment1;
			sourceTree = "<group>";
		};
		9CA6516E213460820052FD76 /* MAD_Assignment1Tests */ = {
			isa = PBXGroup;
			children = (
				9CA6516F213460820052FD76 /* MAD_Assignment1Tests.swift */,
				9CA65171213460820052FD76 /* Info.plist */,
			);
			path = MAD_Assignment1Tests;
			sourceTree = "<group>";
		};
		9CA65179213460820052FD76 /* MAD_Assignment1UITests */ = {
			isa = PBXGroup;
			children = (
				9CA6517A213460820052FD76 /* MAD_Assignment1UITests.swift */,
				9CA6517C213460820052FD76 /* Info.plist */,
			);
			path = MAD_Assignment1UITests;
			sourceTree = "<group>";
		};
/* End PBXGroup section */

/* Begin PBXNativeTarget section */
		9CA65153213460810052FD76 /* MAD_Assignment1 */ = {
			isa = PBXNativeTarget;
			buildConfigurationList = 9CA6517F213460820052FD76 /* Build configuration list for PBXNativeTarget "MAD_Assignment1" */;
			buildPhases = (
				7EEA4B1C9A47074D7403B37C /* [CP] Check Pods Manifest.lock */,
				9CA65150213460810052FD76 /* Sources */,
				9CA65151213460810052FD76 /* Frameworks */,
				9CA65152213460810052FD76 /* Resources */,
				515D59A5714C7989901B3DF7 /* [CP] Embed Pods Frameworks */,
			);
			buildRules = (
			);
			dependencies = (
			);
			name = MAD_Assignment1;
			productName = MAD_Assignment1;
			productReference = 9CA65154213460810052FD76 /* MAD_Assignment1.app */;
			productType = "com.apple.product-type.application";
		};
		9CA6516A213460820052FD76 /* MAD_Assignment1Tests */ = {
			isa = PBXNativeTarget;
			buildConfigurationList = 9CA65182213460820052FD76 /* Build configuration list for PBXNativeTarget "MAD_Assignment1Tests" */;
			buildPhases = (
				B11CE5F4BE7B12B8F35033DE /* [CP] Check Pods Manifest.lock */,
				9CA65167213460820052FD76 /* Sources */,
				9CA65168213460820052FD76 /* Frameworks */,
				9CA65169213460820052FD76 /* Resources */,
			);
			buildRules = (
			);
			dependencies = (
				9CA6516D213460820052FD76 /* PBXTargetDependency */,
			);
			name = MAD_Assignment1Tests;
			productName = MAD_Assignment1Tests;
			productReference = 9CA6516B213460820052FD76 /* MAD_Assignment1Tests.xctest */;
			productType = "com.apple.product-type.bundle.unit-test";
		};
		9CA65175213460820052FD76 /* MAD_Assignment1UITests */ = {
			isa = PBXNativeTarget;
			buildConfigurationList = 9CA65185213460820052FD76 /* Build configuration list for PBXNativeTarget "MAD_Assignment1UITests" */;
			buildPhases = (
				ADFA4C9DDFDA0368CD27953E /* [CP] Check Pods Manifest.lock */,
				9CA65172213460820052FD76 /* Sources */,
				9CA65173213460820052FD76 /* Frameworks */,
				9CA65174213460820052FD76 /* Resources */,
			);
			buildRules = (
			);
			dependencies = (
				9CA65178213460820052FD76 /* PBXTargetDependency */,
			);
			name = MAD_Assignment1UITests;
			productName = MAD_Assignment1UITests;
			productReference = 9CA65176213460820052FD76 /* MAD_Assignment1UITests.xctest */;
			productType = "com.apple.product-type.bundle.ui-testing";
		};
/* End PBXNativeTarget section */

/* Begin PBXProject section */
		9CA6514C213460810052FD76 /* Project object */ = {
			isa = PBXProject;
			attributes = {
				LastSwiftUpdateCheck = 0940;
				LastUpgradeCheck = 0940;
				ORGANIZATIONNAME = "Pranalee Jadhav";
				TargetAttributes = {
					9CA65153213460810052FD76 = {
						CreatedOnToolsVersion = 9.4.1;
					};
					9CA6516A213460820052FD76 = {
						CreatedOnToolsVersion = 9.4.1;
						TestTargetID = 9CA65153213460810052FD76;
					};
					9CA65175213460820052FD76 = {
						CreatedOnToolsVersion = 9.4.1;
						TestTargetID = 9CA65153213460810052FD76;
					};
				};
			};
			buildConfigurationList = 9CA6514F213460810052FD76 /* Build configuration list for PBXProject "MAD_Assignment1" */;
			compatibilityVersion = "Xcode 9.3";
			developmentRegion = en;
			hasScannedForEncodings = 0;
			knownRegions = (
				en,
				Base,
			);
			mainGroup = 9CA6514B213460810052FD76;
			productRefGroup = 9CA65155213460810052FD76 /* Products */;
			projectDirPath = "";
			projectRoot = "";
			targets = (
				9CA65153213460810052FD76 /* MAD_Assignment1 */,
				9CA6516A213460820052FD76 /* MAD_Assignment1Tests */,
				9CA65175213460820052FD76 /* MAD_Assignment1UITests */,
			);
		};
/* End PBXProject section */

/* Begin PBXResourcesBuildPhase section */
		9CA65152213460810052FD76 /* Resources */ = {
			isa = PBXResourcesBuildPhase;
			buildActionMask = 2147483647;
			files = (
				9CA65165213460810052FD76 /* LaunchScreen.storyboard in Resources */,
				9CA65162213460810052FD76 /* Assets.xcassets in Resources */,
				9CA6515D213460810052FD76 /* Main.storyboard in Resources */,
			);
			runOnlyForDeploymentPostprocessing = 0;
		};
		9CA65169213460820052FD76 /* Resources */ = {
			isa = PBXResourcesBuildPhase;
			buildActionMask = 2147483647;
			files = (
			);
			runOnlyForDeploymentPostprocessing = 0;
		};
		9CA65174213460820052FD76 /* Resources */ = {
			isa = PBXResourcesBuildPhase;
			buildActionMask = 2147483647;
			files = (
			);
			runOnlyForDeploymentPostprocessing = 0;
		};
/* End PBXResourcesBuildPhase section */

/* Begin PBXShellScriptBuildPhase section */
		515D59A5714C7989901B3DF7 /* [CP] Embed Pods Frameworks */ = {
			isa = PBXShellScriptBuildPhase;
			buildActionMask = 2147483647;
			files = (
			);
			inputPaths = (
				"${SRCROOT}/Pods/Target Support Files/Pods-MAD_Assignment1/Pods-MAD_Assignment1-frameworks.sh",
				"${BUILT_PRODUCTS_DIR}/Alamofire/Alamofire.framework",
				"${BUILT_PRODUCTS_DIR}/IHKeyboardAvoiding/IHKeyboardAvoiding.framework",
				"${BUILT_PRODUCTS_DIR}/SVProgressHUD/SVProgressHUD.framework",
			);
			name = "[CP] Embed Pods Frameworks";
			outputPaths = (
				"${TARGET_BUILD_DIR}/${FRAMEWORKS_FOLDER_PATH}/Alamofire.framework",
				"${TARGET_BUILD_DIR}/${FRAMEWORKS_FOLDER_PATH}/IHKeyboardAvoiding.framework",
				"${TARGET_BUILD_DIR}/${FRAMEWORKS_FOLDER_PATH}/SVProgressHUD.framework",
			);
			runOnlyForDeploymentPostprocessing = 0;
			shellPath = /bin/sh;
			shellScript = "\"${SRCROOT}/Pods/Target Support Files/Pods-MAD_Assignment1/Pods-MAD_Assignment1-frameworks.sh\"\n";
			showEnvVarsInLog = 0;
		};
		7EEA4B1C9A47074D7403B37C /* [CP] Check Pods Manifest.lock */ = {
			isa = PBXShellScriptBuildPhase;
			buildActionMask = 2147483647;
			files = (
			);
			inputPaths = (
				"${PODS_PODFILE_DIR_PATH}/Podfile.lock",
				"${PODS_ROOT}/Manifest.lock",
			);
			name = "[CP] Check Pods Manifest.lock";
			outputPaths = (
				"$(DERIVED_FILE_DIR)/Pods-MAD_Assignment1-checkManifestLockResult.txt",
			);
			runOnlyForDeploymentPostprocessing = 0;
			shellPath = /bin/sh;
			shellScript = "diff \"${PODS_PODFILE_DIR_PATH}/Podfile.lock\" \"${PODS_ROOT}/Manifest.lock\" > /dev/null\nif [ $? != 0 ] ; then\n    # print error to STDERR\n    echo \"error: The sandbox is not in sync with the Podfile.lock. Run 'pod install' or update your CocoaPods installation.\" >&2\n    exit 1\nfi\n# This output is used by Xcode 'outputs' to avoid re-running this script phase.\necho \"SUCCESS\" > \"${SCRIPT_OUTPUT_FILE_0}\"\n";
			showEnvVarsInLog = 0;
		};
		ADFA4C9DDFDA0368CD27953E /* [CP] Check Pods Manifest.lock */ = {
			isa = PBXShellScriptBuildPhase;
			buildActionMask = 2147483647;
			files = (
			);
			inputPaths = (
				"${PODS_PODFILE_DIR_PATH}/Podfile.lock",
				"${PODS_ROOT}/Manifest.lock",
			);
			name = "[CP] Check Pods Manifest.lock";
			outputPaths = (
				"$(DERIVED_FILE_DIR)/Pods-MAD_Assignment1UITests-checkManifestLockResult.txt",
			);
			runOnlyForDeploymentPostprocessing = 0;
			shellPath = /bin/sh;
			shellScript = "diff \"${PODS_PODFILE_DIR_PATH}/Podfile.lock\" \"${PODS_ROOT}/Manifest.lock\" > /dev/null\nif [ $? != 0 ] ; then\n    # print error to STDERR\n    echo \"error: The sandbox is not in sync with the Podfile.lock. Run 'pod install' or update your CocoaPods installation.\" >&2\n    exit 1\nfi\n# This output is used by Xcode 'outputs' to avoid re-running this script phase.\necho \"SUCCESS\" > \"${SCRIPT_OUTPUT_FILE_0}\"\n";
			showEnvVarsInLog = 0;
		};
		B11CE5F4BE7B12B8F35033DE /* [CP] Check Pods Manifest.lock */ = {
			isa = PBXShellScriptBuildPhase;
			buildActionMask = 2147483647;
			files = (
			);
			inputPaths = (
				"${PODS_PODFILE_DIR_PATH}/Podfile.lock",
				"${PODS_ROOT}/Manifest.lock",
			);
			name = "[CP] Check Pods Manifest.lock";
			outputPaths = (
				"$(DERIVED_FILE_DIR)/Pods-MAD_Assignment1Tests-checkManifestLockResult.txt",
			);
			runOnlyForDeploymentPostprocessing = 0;
			shellPath = /bin/sh;
			shellScript = "diff \"${PODS_PODFILE_DIR_PATH}/Podfile.lock\" \"${PODS_ROOT}/Manifest.lock\" > /dev/null\nif [ $? != 0 ] ; then\n    # print error to STDERR\n    echo \"error: The sandbox is not in sync with the Podfile.lock. Run 'pod install' or update your CocoaPods installation.\" >&2\n    exit 1\nfi\n# This output is used by Xcode 'outputs' to avoid re-running this script phase.\necho \"SUCCESS\" > \"${SCRIPT_OUTPUT_FILE_0}\"\n";
			showEnvVarsInLog = 0;
		};
/* End PBXShellScriptBuildPhase section */

/* Begin PBXSourcesBuildPhase section */
		9CA65150213460810052FD76 /* Sources */ = {
			isa = PBXSourcesBuildPhase;
			buildActionMask = 2147483647;
			files = (
				9CA65160213460810052FD76 /* MAD_Assignment1.xcdatamodeld in Sources */,
				9CA65158213460810052FD76 /* AppDelegate.swift in Sources */,
				9C1E00F921358B0500C1EA4C /* RegisterViewController.swift in Sources */,
				9C1E00F721358AF200C1EA4C /* LoginViewController.swift in Sources */,
				9C21AB152134B8EA00772847 /* CustomlaunchscreenController.swift in Sources */,
				9C1E01072135D42C00C1EA4C /* Reachability.swift in Sources */,
				9C1E00FF21358BD700C1EA4C /* ViewProfileController.swift in Sources */,
				9C1E01032135D01900C1EA4C /* ServerManager.swift in Sources */,
				9C1E00FC21358B5100C1EA4C /* HomeScreenViewController.swift in Sources */,
			);
			runOnlyForDeploymentPostprocessing = 0;
		};
		9CA65167213460820052FD76 /* Sources */ = {
			isa = PBXSourcesBuildPhase;
			buildActionMask = 2147483647;
			files = (
				9CA65170213460820052FD76 /* MAD_Assignment1Tests.swift in Sources */,
			);
			runOnlyForDeploymentPostprocessing = 0;
		};
		9CA65172213460820052FD76 /* Sources */ = {
			isa = PBXSourcesBuildPhase;
			buildActionMask = 2147483647;
			files = (
				9CA6517B213460820052FD76 /* MAD_Assignment1UITests.swift in Sources */,
			);
			runOnlyForDeploymentPostprocessing = 0;
		};
/* End PBXSourcesBuildPhase section */

/* Begin PBXTargetDependency section */
		9CA6516D213460820052FD76 /* PBXTargetDependency */ = {
			isa = PBXTargetDependency;
			target = 9CA65153213460810052FD76 /* MAD_Assignment1 */;
			targetProxy = 9CA6516C213460820052FD76 /* PBXContainerItemProxy */;
		};
		9CA65178213460820052FD76 /* PBXTargetDependency */ = {
			isa = PBXTargetDependency;
			target = 9CA65153213460810052FD76 /* MAD_Assignment1 */;
			targetProxy = 9CA65177213460820052FD76 /* PBXContainerItemProxy */;
		};
/* End PBXTargetDependency section */

/* Begin PBXVariantGroup section */
		9CA6515B213460810052FD76 /* Main.storyboard */ = {
			isa = PBXVariantGroup;
			children = (
				9CA6515C213460810052FD76 /* Base */,
			);
			name = Main.storyboard;
			sourceTree = "<group>";
		};
		9CA65163213460810052FD76 /* LaunchScreen.storyboard */ = {
			isa = PBXVariantGroup;
			children = (
				9CA65164213460810052FD76 /* Base */,
			);
			name = LaunchScreen.storyboard;
			sourceTree = "<group>";
		};
/* End PBXVariantGroup section */

/* Begin XCBuildConfiguration section */
		9CA6517D213460820052FD76 /* Debug */ = {
			isa = XCBuildConfiguration;
			buildSettings = {
				ALWAYS_SEARCH_USER_PATHS = NO;
				CLANG_ANALYZER_NONNULL = YES;
				CLANG_ANALYZER_NUMBER_OBJECT_CONVERSION = YES_AGGRESSIVE;
				CLANG_CXX_LANGUAGE_STANDARD = "gnu++14";
				CLANG_CXX_LIBRARY = "libc++";
				CLANG_ENABLE_MODULES = YES;
				CLANG_ENABLE_OBJC_ARC = YES;
				CLANG_ENABLE_OBJC_WEAK = YES;
				CLANG_WARN_BLOCK_CAPTURE_AUTORELEASING = YES;
				CLANG_WARN_BOOL_CONVERSION = YES;
				CLANG_WARN_COMMA = YES;
				CLANG_WARN_CONSTANT_CONVERSION = YES;
				CLANG_WARN_DEPRECATED_OBJC_IMPLEMENTATIONS = YES;
				CLANG_WARN_DIRECT_OBJC_ISA_USAGE = YES_ERROR;
				CLANG_WARN_DOCUMENTATION_COMMENTS = YES;
				CLANG_WARN_EMPTY_BODY = YES;
				CLANG_WARN_ENUM_CONVERSION = YES;
				CLANG_WARN_INFINITE_RECURSION = YES;
				CLANG_WARN_INT_CONVERSION = YES;
				CLANG_WARN_NON_LITERAL_NULL_CONVERSION = YES;
				CLANG_WARN_OBJC_IMPLICIT_RETAIN_SELF = YES;
				CLANG_WARN_OBJC_LITERAL_CONVERSION = YES;
				CLANG_WARN_OBJC_ROOT_CLASS = YES_ERROR;
				CLANG_WARN_RANGE_LOOP_ANALYSIS = YES;
				CLANG_WARN_STRICT_PROTOTYPES = YES;
				CLANG_WARN_SUSPICIOUS_MOVE = YES;
				CLANG_WARN_UNGUARDED_AVAILABILITY = YES_AGGRESSIVE;
				CLANG_WARN_UNREACHABLE_CODE = YES;
				CLANG_WARN__DUPLICATE_METHOD_MATCH = YES;
				CODE_SIGN_IDENTITY = "iPhone Developer";
				COPY_PHASE_STRIP = NO;
				DEBUG_INFORMATION_FORMAT = dwarf;
				ENABLE_STRICT_OBJC_MSGSEND = YES;
				ENABLE_TESTABILITY = YES;
				GCC_C_LANGUAGE_STANDARD = gnu11;
				GCC_DYNAMIC_NO_PIC = NO;
				GCC_NO_COMMON_BLOCKS = YES;
				GCC_OPTIMIZATION_LEVEL = 0;
				GCC_PREPROCESSOR_DEFINITIONS = (
					"DEBUG=1",
					"$(inherited)",
				);
				GCC_WARN_64_TO_32_BIT_CONVERSION = YES;
				GCC_WARN_ABOUT_RETURN_TYPE = YES_ERROR;
				GCC_WARN_UNDECLARED_SELECTOR = YES;
				GCC_WARN_UNINITIALIZED_AUTOS = YES_AGGRESSIVE;
				GCC_WARN_UNUSED_FUNCTION = YES;
				GCC_WARN_UNUSED_VARIABLE = YES;
				IPHONEOS_DEPLOYMENT_TARGET = 11.4;
				MTL_ENABLE_DEBUG_INFO = YES;
				ONLY_ACTIVE_ARCH = YES;
				SDKROOT = iphoneos;
				SWIFT_ACTIVE_COMPILATION_CONDITIONS = DEBUG;
				SWIFT_OPTIMIZATION_LEVEL = "-Onone";
			};
			name = Debug;
		};
		9CA6517E213460820052FD76 /* Release */ = {
			isa = XCBuildConfiguration;
			buildSettings = {
				ALWAYS_SEARCH_USER_PATHS = NO;
				CLANG_ANALYZER_NONNULL = YES;
				CLANG_ANALYZER_NUMBER_OBJECT_CONVERSION = YES_AGGRESSIVE;
				CLANG_CXX_LANGUAGE_STANDARD = "gnu++14";
				CLANG_CXX_LIBRARY = "libc++";
				CLANG_ENABLE_MODULES = YES;
				CLANG_ENABLE_OBJC_ARC = YES;
				CLANG_ENABLE_OBJC_WEAK = YES;
				CLANG_WARN_BLOCK_CAPTURE_AUTORELEASING = YES;
				CLANG_WARN_BOOL_CONVERSION = YES;
				CLANG_WARN_COMMA = YES;
				CLANG_WARN_CONSTANT_CONVERSION = YES;
				CLANG_WARN_DEPRECATED_OBJC_IMPLEMENTATIONS = YES;
				CLANG_WARN_DIRECT_OBJC_ISA_USAGE = YES_ERROR;
				CLANG_WARN_DOCUMENTATION_COMMENTS = YES;
				CLANG_WARN_EMPTY_BODY = YES;
				CLANG_WARN_ENUM_CONVERSION = YES;
				CLANG_WARN_INFINITE_RECURSION = YES;
				CLANG_WARN_INT_CONVERSION = YES;
				CLANG_WARN_NON_LITERAL_NULL_CONVERSION = YES;
				CLANG_WARN_OBJC_IMPLICIT_RETAIN_SELF = YES;
				CLANG_WARN_OBJC_LITERAL_CONVERSION = YES;
				CLANG_WARN_OBJC_ROOT_CLASS = YES_ERROR;
				CLANG_WARN_RANGE_LOOP_ANALYSIS = YES;
				CLANG_WARN_STRICT_PROTOTYPES = YES;
				CLANG_WARN_SUSPICIOUS_MOVE = YES;
				CLANG_WARN_UNGUARDED_AVAILABILITY = YES_AGGRESSIVE;
				CLANG_WARN_UNREACHABLE_CODE = YES;
				CLANG_WARN__DUPLICATE_METHOD_MATCH = YES;
				CODE_SIGN_IDENTITY = "iPhone Developer";
				COPY_PHASE_STRIP = NO;
				DEBUG_INFORMATION_FORMAT = "dwarf-with-dsym";
				ENABLE_NS_ASSERTIONS = NO;
				ENABLE_STRICT_OBJC_MSGSEND = YES;
				GCC_C_LANGUAGE_STANDARD = gnu11;
				GCC_NO_COMMON_BLOCKS = YES;
				GCC_WARN_64_TO_32_BIT_CONVERSION = YES;
				GCC_WARN_ABOUT_RETURN_TYPE = YES_ERROR;
				GCC_WARN_UNDECLARED_SELECTOR = YES;
				GCC_WARN_UNINITIALIZED_AUTOS = YES_AGGRESSIVE;
				GCC_WARN_UNUSED_FUNCTION = YES;
				GCC_WARN_UNUSED_VARIABLE = YES;
				IPHONEOS_DEPLOYMENT_TARGET = 11.4;
				MTL_ENABLE_DEBUG_INFO = NO;
				SDKROOT = iphoneos;
				SWIFT_COMPILATION_MODE = wholemodule;
				SWIFT_OPTIMIZATION_LEVEL = "-O";
				VALIDATE_PRODUCT = YES;
			};
			name = Release;
		};
		9CA65180213460820052FD76 /* Debug */ = {
			isa = XCBuildConfiguration;
			baseConfigurationReference = 3E9F5630A91F258E2AFD3161 /* Pods-MAD_Assignment1.debug.xcconfig */;
			buildSettings = {
				ASSETCATALOG_COMPILER_APPICON_NAME = AppIcon;
				CODE_SIGN_STYLE = Automatic;
				INFOPLIST_FILE = MAD_Assignment1/Info.plist;
				LD_RUNPATH_SEARCH_PATHS = "$(inherited) @executable_path/Frameworks";
				PRODUCT_BUNDLE_IDENTIFIER = "com.pranalee.MAD-Assignment1";
				PRODUCT_NAME = "$(TARGET_NAME)";
				SWIFT_VERSION = 4.0;
				TARGETED_DEVICE_FAMILY = "1,2";
			};
			name = Debug;
		};
		9CA65181213460820052FD76 /* Release */ = {
			isa = XCBuildConfiguration;
			baseConfigurationReference = 9B735DA52498FBCDE113D47F /* Pods-MAD_Assignment1.release.xcconfig */;
			buildSettings = {
				ASSETCATALOG_COMPILER_APPICON_NAME = AppIcon;
				CODE_SIGN_STYLE = Automatic;
				INFOPLIST_FILE = MAD_Assignment1/Info.plist;
				LD_RUNPATH_SEARCH_PATHS = "$(inherited) @executable_path/Frameworks";
				PRODUCT_BUNDLE_IDENTIFIER = "com.pranalee.MAD-Assignment1";
				PRODUCT_NAME = "$(TARGET_NAME)";
				SWIFT_VERSION = 4.0;
				TARGETED_DEVICE_FAMILY = "1,2";
			};
			name = Release;
		};
		9CA65183213460820052FD76 /* Debug */ = {
			isa = XCBuildConfiguration;
			baseConfigurationReference = 9B2DF5BC38C9EAF0DF1B4084 /* Pods-MAD_Assignment1Tests.debug.xcconfig */;
			buildSettings = {
				ALWAYS_EMBED_SWIFT_STANDARD_LIBRARIES = YES;
				BUNDLE_LOADER = "$(TEST_HOST)";
				CODE_SIGN_STYLE = Automatic;
				INFOPLIST_FILE = MAD_Assignment1Tests/Info.plist;
				LD_RUNPATH_SEARCH_PATHS = "$(inherited) @executable_path/Frameworks @loader_path/Frameworks";
				PRODUCT_BUNDLE_IDENTIFIER = "com.pranalee.MAD-Assignment1Tests";
				PRODUCT_NAME = "$(TARGET_NAME)";
				SWIFT_VERSION = 4.0;
				TARGETED_DEVICE_FAMILY = "1,2";
				TEST_HOST = "$(BUILT_PRODUCTS_DIR)/MAD_Assignment1.app/MAD_Assignment1";
			};
			name = Debug;
		};
		9CA65184213460820052FD76 /* Release */ = {
			isa = XCBuildConfiguration;
			baseConfigurationReference = DC052DC51BE39AECBBE2FA23 /* Pods-MAD_Assignment1Tests.release.xcconfig */;
			buildSettings = {
				ALWAYS_EMBED_SWIFT_STANDARD_LIBRARIES = YES;
				BUNDLE_LOADER = "$(TEST_HOST)";
				CODE_SIGN_STYLE = Automatic;
				INFOPLIST_FILE = MAD_Assignment1Tests/Info.plist;
				LD_RUNPATH_SEARCH_PATHS = "$(inherited) @executable_path/Frameworks @loader_path/Frameworks";
				PRODUCT_BUNDLE_IDENTIFIER = "com.pranalee.MAD-Assignment1Tests";
				PRODUCT_NAME = "$(TARGET_NAME)";
				SWIFT_VERSION = 4.0;
				TARGETED_DEVICE_FAMILY = "1,2";
				TEST_HOST = "$(BUILT_PRODUCTS_DIR)/MAD_Assignment1.app/MAD_Assignment1";
			};
			name = Release;
		};
		9CA65186213460820052FD76 /* Debug */ = {
			isa = XCBuildConfiguration;
			baseConfigurationReference = 8F5B05EDE00F50F9ED189E6C /* Pods-MAD_Assignment1UITests.debug.xcconfig */;
			buildSettings = {
				ALWAYS_EMBED_SWIFT_STANDARD_LIBRARIES = YES;
				CODE_SIGN_STYLE = Automatic;
				INFOPLIST_FILE = MAD_Assignment1UITests/Info.plist;
				LD_RUNPATH_SEARCH_PATHS = "$(inherited) @executable_path/Frameworks @loader_path/Frameworks";
				PRODUCT_BUNDLE_IDENTIFIER = "com.pranalee.MAD-Assignment1UITests";
				PRODUCT_NAME = "$(TARGET_NAME)";
				SWIFT_VERSION = 4.0;
				TARGETED_DEVICE_FAMILY = "1,2";
				TEST_TARGET_NAME = MAD_Assignment1;
			};
			name = Debug;
		};
		9CA65187213460820052FD76 /* Release */ = {
			isa = XCBuildConfiguration;
			baseConfigurationReference = BFC0E11346F60BCF34236550 /* Pods-MAD_Assignment1UITests.release.xcconfig */;
			buildSettings = {
				ALWAYS_EMBED_SWIFT_STANDARD_LIBRARIES = YES;
				CODE_SIGN_STYLE = Automatic;
				INFOPLIST_FILE = MAD_Assignment1UITests/Info.plist;
				LD_RUNPATH_SEARCH_PATHS = "$(inherited) @executable_path/Frameworks @loader_path/Frameworks";
				PRODUCT_BUNDLE_IDENTIFIER = "com.pranalee.MAD-Assignment1UITests";
				PRODUCT_NAME = "$(TARGET_NAME)";
				SWIFT_VERSION = 4.0;
				TARGETED_DEVICE_FAMILY = "1,2";
				TEST_TARGET_NAME = MAD_Assignment1;
			};
			name = Release;
		};
/* End XCBuildConfiguration section */

/* Begin XCConfigurationList section */
		9CA6514F213460810052FD76 /* Build configuration list for PBXProject "MAD_Assignment1" */ = {
			isa = XCConfigurationList;
			buildConfigurations = (
				9CA6517D213460820052FD76 /* Debug */,
				9CA6517E213460820052FD76 /* Release */,
			);
			defaultConfigurationIsVisible = 0;
			defaultConfigurationName = Release;
		};
		9CA6517F213460820052FD76 /* Build configuration list for PBXNativeTarget "MAD_Assignment1" */ = {
			isa = XCConfigurationList;
			buildConfigurations = (
				9CA65180213460820052FD76 /* Debug */,
				9CA65181213460820052FD76 /* Release */,
			);
			defaultConfigurationIsVisible = 0;
			defaultConfigurationName = Release;
		};
		9CA65182213460820052FD76 /* Build configuration list for PBXNativeTarget "MAD_Assignment1Tests" */ = {
			isa = XCConfigurationList;
			buildConfigurations = (
				9CA65183213460820052FD76 /* Debug */,
				9CA65184213460820052FD76 /* Release */,
			);
			defaultConfigurationIsVisible = 0;
			defaultConfigurationName = Release;
		};
		9CA65185213460820052FD76 /* Build configuration list for PBXNativeTarget "MAD_Assignment1UITests" */ = {
			isa = XCConfigurationList;
			buildConfigurations = (
				9CA65186213460820052FD76 /* Debug */,
				9CA65187213460820052FD76 /* Release */,
			);
			defaultConfigurationIsVisible = 0;
			defaultConfigurationName = Release;
		};
/* End XCConfigurationList section */

/* Begin XCVersionGroup section */
		9CA6515E213460810052FD76 /* MAD_Assignment1.xcdatamodeld */ = {
			isa = XCVersionGroup;
			children = (
				9CA6515F213460810052FD76 /* MAD_Assignment1.xcdatamodel */,
			);
			currentVersion = 9CA6515F213460810052FD76 /* MAD_Assignment1.xcdatamodel */;
			path = MAD_Assignment1.xcdatamodeld;
			sourceTree = "<group>";
			versionGroupType = wrapper.xcdatamodel;
		};
/* End XCVersionGroup section */
	};
	rootObject = 9CA6514C213460810052FD76 /* Project object */;
}
